
Microsoft Visual Studio Solution File, Format Version 11.00
# Visual Studio 2010
Project("{FAE04EC0-301F-11D3-BF4B-00C04F79EFBC}") = "Homework1", "Homework1\Homework1.csproj", "{A4D5EC25-16C5-47A2-A252-9E29055A468D}"
EndProject
Global
	GlobalSection(SolutionConfigurationPlatforms) = preSolution
		Debug|x86 = Debug|x86
		Release|x86 = Release|x86
	EndGlobalSection
	GlobalSection(ProjectConfigurationPlatforms) = postSolution
		{A4D5EC25-16C5-47A2-A252-9E29055A468D}.Debug|x86.ActiveCfg = Debug|x86
		{A4D5EC25-16C5-47A2-A252-9E29055A468D}.Debug|x86.Build.0 = Debug|x86
		{A4D5EC25-16C5-47A2-A252-9E29055A468D}.Release|x86.ActiveCfg = Release|x86
		{A4D5EC25-16C5-47A2-A252-9E29055A468D}.Release|x86.Build.0 = Release|x86
	EndGlobalSection
	GlobalSection(SolutionProperties) = preSolution
		HideSolutionNode = FALSE
	EndGlobalSection
EndGlobal
